# Generated by pub
# See https://dart.dev/tools/pub/glossary#lockfile
packages:
  archive:
    dependency: transitive
    description:
      name: archive
      sha256: ae3e2b5dcfd7262920f3a36df8f04a9f798bafe395d7dc6cf2a7178ae8aba792
      url: "https://pub.dev"
    source: hosted
    version: "3.1.6"
  args:
    dependency: transitive
    description:
      name: args
      sha256: "0bd9a99b6eb96f07af141f0eb53eace8983e8e5aa5de59777aca31684680ef22"
      url: "https://pub.dev"
    source: hosted
    version: "2.3.0"
  async:
    dependency: transitive
    description:
      name: async
      sha256: bfe67ef28df125b7dddcea62755991f807aa39a2492a23e1550161692950bbe0
      url: "https://pub.dev"
    source: hosted
    version: "2.10.0"
  boolean_selector:
    dependency: transitive
    description:
      name: boolean_selector
      sha256: "6cfb5af12253eaf2b368f07bacc5a80d1301a071c73360d746b7f2e32d762c66"
      url: "https://pub.dev"
    source: hosted
    version: "2.1.1"
  characters:
    dependency: transitive
    description:
      name: characters
      sha256: e6a326c8af69605aec75ed6c187d06b349707a27fbff8222ca9cc2cff167975c
      url: "https://pub.dev"
    source: hosted
    version: "1.2.1"
  charcode:
    dependency: transitive
    description:
      name: charcode
      sha256: fb98c0f6d12c920a02ee2d998da788bca066ca5f148492b7085ee23372b12306
      url: "https://pub.dev"
    source: hosted
    version: "1.3.1"
  clock:
    dependency: transitive
    description:
      name: clock
      sha256: cb6d7f03e1de671e34607e909a7213e31d7752be4fb66a86d29fe1eb14bfb5cf
      url: "https://pub.dev"
    source: hosted
    version: "1.1.1"
  cloud_firestore:
    dependency: "direct main"
    description:
      name: cloud_firestore
      sha256: "7313ccae834ee8dd0b93ea367ba228b86212f5ca39d48c1e142dbbd377af5ed4"
      url: "https://pub.dev"
    source: hosted
    version: "2.5.4"
  cloud_firestore_platform_interface:
    dependency: transitive
    description:
      name: cloud_firestore_platform_interface
      sha256: "43d47589b287b087ec1b9e02c18512330a6e3284a00b805179b25ff9a01cc7ab"
      url: "https://pub.dev"
    source: hosted
    version: "5.4.3"
  cloud_firestore_web:
    dependency: transitive
    description:
      name: cloud_firestore_web
      sha256: ebe29390e2b1df419310f828a34e76c43a5a74f5e3cc4402602c588e1a1f531e
      url: "https://pub.dev"
    source: hosted
    version: "2.4.4"
  collection:
    dependency: transitive
    description:
      name: collection
      sha256: cfc915e6923fe5ce6e153b0723c753045de46de1b4d63771530504004a45fae0
      url: "https://pub.dev"
    source: hosted
    version: "1.17.0"
  crypto:
    dependency: transitive
    description:
      name: crypto
      sha256: cf75650c66c0316274e21d7c43d3dea246273af5955bd94e8184837cd577575c
      url: "https://pub.dev"
    source: hosted
    version: "3.0.1"
  cupertino_icons:
    dependency: "direct main"
    description:
      name: cupertino_icons
      sha256: "486b7bc707424572cdf7bd7e812a0c146de3fd47ecadf070254cc60383f21dd8"
      url: "https://pub.dev"
    source: hosted
    version: "1.0.3"
  dio:
    dependency: "direct main"
    description:
      name: dio
      sha256: "5fd6e152bdbc876bc6e81910e16a2bd36e0c68e23d87316e8da67a1ec8fd7b1c"
      url: "https://pub.dev"
    source: hosted
    version: "4.0.4"
  fake_async:
    dependency: transitive
    description:
      name: fake_async
      sha256: "511392330127add0b769b75a987850d136345d9227c6b94c96a04cf4a391bf78"
      url: "https://pub.dev"
    source: hosted
    version: "1.3.1"
  ffi:
    dependency: transitive
    description:
      name: ffi
      sha256: "35d0f481d939de0d640b3db9a7aa36a52cd22054a798a73b4f50bdad5ce12678"
      url: "https://pub.dev"
    source: hosted
    version: "1.1.2"
  file:
    dependency: transitive
    description:
      name: file
      sha256: b69516f2c26a5bcac4eee2e32512e1a5205ab312b3536c1c1227b2b942b5f9ad
      url: "https://pub.dev"
    source: hosted
    version: "6.1.2"
  file_picker:
    dependency: "direct main"
    description:
      name: file_picker
      sha256: "93a7dc526b56f9ab5ad5532ed4eec3db71fda4ce32a50807e1f22ca191e15626"
      url: "https://pub.dev"
    source: hosted
    version: "4.2.1"
  firebase_auth:
    dependency: "direct main"
    description:
      name: firebase_auth
      sha256: "65ea1ccf63f240b1d8aee8a402906f20ae193be0e2df4ed126ce3796321b51ac"
      url: "https://pub.dev"
    source: hosted
    version: "3.1.4"
  firebase_auth_platform_interface:
    dependency: transitive
    description:
      name: firebase_auth_platform_interface
      sha256: "1d7e357d121252bee9f2f1b2e09dba0ad83ac6b2e4db4e473c8276576debf98f"
      url: "https://pub.dev"
    source: hosted
    version: "6.1.2"
  firebase_auth_web:
    dependency: transitive
    description:
      name: firebase_auth_web
      sha256: e6ad755d13332d574fce47f7ac2b8bcd6c06180c1ac62dcb4397ee08a3c32eb6
      url: "https://pub.dev"
    source: hosted
    version: "3.1.3"
  firebase_core:
    dependency: "direct main"
    description:
      name: firebase_core
      sha256: "2d5160e76e4d27062ba13f61eddd0a3576d8ea94a7a7d11792049e0203ad4e35"
      url: "https://pub.dev"
    source: hosted
    version: "1.8.0"
  firebase_core_platform_interface:
    dependency: transitive
    description:
      name: firebase_core_platform_interface
      sha256: "262627ffd9284ad81c9bda53de1adeeb5293da27b2da6c9bb2842126b97cae1c"
      url: "https://pub.dev"
    source: hosted
    version: "4.0.1"
  firebase_core_web:
    dependency: transitive
    description:
      name: firebase_core_web
      sha256: "580b099423759ea29563ba85bfeddb189eebde75275c7b556d3fef94bc4d0ae9"
      url: "https://pub.dev"
    source: hosted
    version: "1.1.0"
  firebase_storage:
    dependency: "direct main"
    description:
      name: firebase_storage
      sha256: "7e98c33b57149be5f207fbbcb12652692a1ccaaafdd2b1dc35840e7e611d7dbb"
      url: "https://pub.dev"
    source: hosted
    version: "10.0.6"
  firebase_storage_platform_interface:
    dependency: transitive
    description:
      name: firebase_storage_platform_interface
      sha256: "27469a5481c86feee0be86c0a9f844d643dc17e943a6af0778aecad7e13a9cf5"
      url: "https://pub.dev"
    source: hosted
    version: "4.0.4"
  firebase_storage_web:
    dependency: transitive
    description:
      name: firebase_storage_web
      sha256: cbed2809d9f6ee7fdefb6796c51fbb3054c5312e1a1f4b9bf36ebe4a1276750b
      url: "https://pub.dev"
    source: hosted
    version: "3.0.4"
  flutter:
    dependency: "direct main"
    description: flutter
    source: sdk
    version: "0.0.0"
  flutter_launcher_icons:
    dependency: "direct dev"
    description:
      name: flutter_launcher_icons
      sha256: e4d29b76a94cc439c3cb1d8946020bd478e50480a72a256ed6861dae91897962
      url: "https://pub.dev"
    source: hosted
    version: "0.9.2"
  flutter_native_splash:
    dependency: "direct dev"
    description:
      name: flutter_native_splash
      sha256: "6353c0025dcc08c56a82fadf10cce48fe8fbe61bb021e0ef10d9928ec36bb53f"
      url: "https://pub.dev"
    source: hosted
    version: "1.2.3"
  flutter_plugin_android_lifecycle:
    dependency: transitive
    description:
      name: flutter_plugin_android_lifecycle
      sha256: "7ad4cb6dd9f2dc91db9385154b40681098fea9af9f944592a88d6351b2b8ebda"
      url: "https://pub.dev"
    source: hosted
    version: "2.0.4"
  flutter_test:
    dependency: "direct dev"
    description: flutter
    source: sdk
    version: "0.0.0"
  flutter_web_plugins:
    dependency: transitive
    description: flutter
    source: sdk
    version: "0.0.0"
  font_awesome_flutter:
    dependency: "direct main"
    description:
      name: font_awesome_flutter
      sha256: bae6387c6e4dbff3deab0c79636ce361de7e6858708c8845fc2addd8d7e697eb
      url: "https://pub.dev"
    source: hosted
    version: "9.1.0"
  google_fonts:
    dependency: "direct main"
    description:
      name: google_fonts
      sha256: c31d49dfbcef1a84592128d2d9e8767eebf5a919ac1e6f77d14dc36790ef1639
      url: "https://pub.dev"
    source: hosted
    version: "2.1.0"
  http:
    dependency: transitive
    description:
      name: http
      sha256: b6f1f143a71e1fe1b34670f1acd6f13960ade2557c96b87e127e0cf661969791
      url: "https://pub.dev"
    source: hosted
    version: "0.13.3"
  http_parser:
    dependency: transitive
    description:
      name: http_parser
      sha256: e362d639ba3bc07d5a71faebb98cde68c05bfbcfbbb444b60b6f60bb67719185
      url: "https://pub.dev"
    source: hosted
    version: "4.0.0"
  image:
    dependency: transitive
    description:
      name: image
      sha256: d9a704c64b9ef7afcdaa7b929edff448bec93968d0900fa9bfca3a05ea8652fa
      url: "https://pub.dev"
    source: hosted
    version: "3.0.8"
  intl:
    dependency: "direct main"
    description:
      name: intl
      sha256: "910f85bce16fb5c6f614e117efa303e85a1731bb0081edf3604a2ae6e9a3cc91"
      url: "https://pub.dev"
    source: hosted
    version: "0.17.0"
  js:
    dependency: transitive
    description:
      name: js
      sha256: "5528c2f391ededb7775ec1daa69e65a2d61276f7552de2b5f7b8d34ee9fd4ab7"
      url: "https://pub.dev"
    source: hosted
    version: "0.6.5"
  liquid_progress_indicator:
    dependency: "direct main"
    description:
      name: liquid_progress_indicator
      sha256: ffd7eca3995e03ce0bd0e1f10ce11da3d8877c51e1270d1e8b9556dbbbbe6689
      url: "https://pub.dev"
    source: hosted
    version: "0.4.0"
  matcher:
    dependency: transitive
    description:
      name: matcher
      sha256: "16db949ceee371e9b99d22f88fa3a73c4e59fd0afed0bd25fc336eb76c198b72"
      url: "https://pub.dev"
    source: hosted
    version: "0.12.13"
  material_color_utilities:
    dependency: transitive
    description:
      name: material_color_utilities
      sha256: d92141dc6fe1dad30722f9aa826c7fbc896d021d792f80678280601aff8cf724
      url: "https://pub.dev"
    source: hosted
    version: "0.2.0"
  meta:
    dependency: transitive
    description:
      name: meta
      sha256: "6c268b42ed578a53088d834796959e4a1814b5e9e164f147f580a386e5decf42"
      url: "https://pub.dev"
    source: hosted
    version: "1.8.0"
  nested:
    dependency: transitive
    description:
      name: nested
      sha256: "03bac4c528c64c95c722ec99280375a6f2fc708eec17c7b3f07253b626cd2a20"
      url: "https://pub.dev"
    source: hosted
    version: "1.0.0"
  path:
    dependency: transitive
    description:
      name: path
      sha256: db9d4f58c908a4ba5953fcee2ae317c94889433e5024c27ce74a37f94267945b
      url: "https://pub.dev"
    source: hosted
    version: "1.8.2"
  path_provider:
    dependency: transitive
    description:
      name: path_provider
      sha256: "7a6929151858214b36140fb847090292d027818e91da7141a2402cbf037b491e"
      url: "https://pub.dev"
    source: hosted
    version: "2.0.4"
  path_provider_linux:
    dependency: transitive
    description:
      name: path_provider_linux
      sha256: "96af2381b8db7cfd5986cf2d7eb737f0099f0517ffc7e10b979d20eb38e64939"
      url: "https://pub.dev"
    source: hosted
    version: "2.1.0"
  path_provider_macos:
    dependency: transitive
    description:
      name: path_provider_macos
      sha256: "0d1273a80d3db3ffb3d82a1e063b8d1e889fd2879fcd81f8b0f00bfa8246498e"
      url: "https://pub.dev"
    source: hosted
    version: "2.0.2"
  path_provider_platform_interface:
    dependency: transitive
    description:
      name: path_provider_platform_interface
      sha256: c2af5a8a6369992d915f8933dfc23172071001359d17896e83db8be57db8a397
      url: "https://pub.dev"
    source: hosted
    version: "2.0.1"
  path_provider_windows:
    dependency: transitive
    description:
      name: path_provider_windows
      sha256: "067e20d6d356f05a75eb9d563c2c0dcbb1889053e72dc2c53187668ac39da511"
      url: "https://pub.dev"
    source: hosted
    version: "2.0.3"
  pedantic:
    dependency: transitive
    description:
      name: pedantic
      sha256: "67fc27ed9639506c856c840ccce7594d0bdcd91bc8d53d6e52359449a1d50602"
      url: "https://pub.dev"
    source: hosted
    version: "1.11.1"
  petitparser:
    dependency: transitive
    description:
      name: petitparser
      sha256: "85e8f8b118afcccf948a9844d199e56260117400bd9b9982d87bf1d62ebc1690"
      url: "https://pub.dev"
    source: hosted
    version: "4.1.0"
  pinput:
    dependency: "direct main"
    description:
      name: pinput
      sha256: "9ec35fd1ddd7ca73df3e3435b5cab4e39155d2f8cfb41e9c6d1b59485fa9a0aa"
      url: "https://pub.dev"
    source: hosted
    version: "1.2.1"
  platform:
    dependency: transitive
    description:
      name: platform
      sha256: "4a8c298d9ac37f18a1116f7be2aa86c3eaea5913586c5afbb905429dd79efa84"
      url: "https://pub.dev"
    source: hosted
    version: "3.0.2"
  plugin_platform_interface:
    dependency: transitive
    description:
      name: plugin_platform_interface
      sha256: f843e0027496f0d841166707029237a0bef39cfc0c79b93b1bb1a10beae73244
      url: "https://pub.dev"
    source: hosted
    version: "2.0.2"
  process:
    dependency: transitive
    description:
      name: process
      sha256: ca157bb5ee3a2dce23ac17bac6d5e54c9d7d1b693f560b606a84aacd2f3c54f8
      url: "https://pub.dev"
    source: hosted
    version: "4.2.3"
  provider:
    dependency: "direct main"
    description:
      name: provider
      sha256: dc18c7bddb94a1eb3c3154587d16175a657356c80566712e6cd8ca4825eae112
      url: "https://pub.dev"
    source: hosted
    version: "6.0.1"
  qr:
    dependency: transitive
    description:
      name: qr
      sha256: "5c4208b4dc0d55c3184d10d83ee0ded6212dc2b5e2ba17c5a0c0aab279128d21"
      url: "https://pub.dev"
    source: hosted
    version: "2.1.0"
  qr_code_scanner:
    dependency: "direct main"
    description:
      name: qr_code_scanner
      sha256: "5963a063c165fed40a98561ca1a5d7bd7aceadfe8abf1a925642a57757c10ade"
      url: "https://pub.dev"
    source: hosted
    version: "0.6.1"
  qr_flutter:
    dependency: "direct main"
    description:
      name: qr_flutter
      sha256: c5c121c54cb6dd837b9b9d57eb7bc7ec6df4aee741032060c8833a678c80b87e
      url: "https://pub.dev"
    source: hosted
    version: "4.0.0"
  shared_preferences:
    dependency: "direct main"
    description:
      name: shared_preferences
      sha256: b1313a5f4497d9eaa30cffc6e809c34886d12f4226afe54a71d7991b5998a526
      url: "https://pub.dev"
    source: hosted
    version: "2.0.8"
  shared_preferences_linux:
    dependency: transitive
    description:
      name: shared_preferences_linux
      sha256: eb83ed07829baf0e95bf75a3a39e1797df75246982e18533eb85a5bd52d52be0
      url: "https://pub.dev"
    source: hosted
    version: "2.0.2"
  shared_preferences_macos:
    dependency: transitive
    description:
      name: shared_preferences_macos
      sha256: d8c36fedba519cba905d30833b818cde3d52d4e9c7438da4664bd523468bb93f
      url: "https://pub.dev"
    source: hosted
    version: "2.0.2"
  shared_preferences_platform_interface:
    dependency: transitive
    description:
      name: shared_preferences_platform_interface
      sha256: "992f0fdc46d0a3c0ac2e5859f2de0e577bbe51f78a77ee8f357cbe626a2ad32d"
      url: "https://pub.dev"
    source: hosted
    version: "2.0.0"
  shared_preferences_web:
    dependency: transitive
    description:
      name: shared_preferences_web
      sha256: ed98e2d4cf610e023975ff8b59d05d7fdf2d3ea038273c9dfb0cbc29094c93f2
      url: "https://pub.dev"
    source: hosted
    version: "2.0.2"
  shared_preferences_windows:
    dependency: transitive
    description:
      name: shared_preferences_windows
      sha256: "0822d9daf48259a1a24a582c6be9c5aa7eff100e74d1948414ee9ae829832df3"
      url: "https://pub.dev"
    source: hosted
    version: "2.0.2"
  shimmer:
    dependency: "direct main"
    description:
      name: shimmer
      sha256: "1f1009b5845a1f88f1c5630212279540486f97409e9fc3f63883e71070d107bf"
      url: "https://pub.dev"
    source: hosted
    version: "2.0.0"
  sky_engine:
    dependency: transitive
    description: flutter
    source: sdk
    version: "0.0.99"
  source_span:
    dependency: transitive
    description:
      name: source_span
      sha256: dd904f795d4b4f3b870833847c461801f6750a9fa8e61ea5ac53f9422b31f250
      url: "https://pub.dev"
    source: hosted
    version: "1.9.1"
  stack_trace:
    dependency: transitive
    description:
      name: stack_trace
      sha256: c3c7d8edb15bee7f0f74debd4b9c5f3c2ea86766fe4178eb2a18eb30a0bdaed5
      url: "https://pub.dev"
    source: hosted
    version: "1.11.0"
  stream_channel:
    dependency: transitive
    description:
      name: stream_channel
      sha256: "83615bee9045c1d322bbbd1ba209b7a749c2cbcdcb3fdd1df8eb488b3279c1c8"
      url: "https://pub.dev"
    source: hosted
    version: "2.1.1"
  string_scanner:
    dependency: transitive
    description:
      name: string_scanner
      sha256: "556692adab6cfa87322a115640c11f13cb77b3f076ddcc5d6ae3c20242bedcde"
      url: "https://pub.dev"
    source: hosted
    version: "1.2.0"
  term_glyph:
    dependency: transitive
    description:
      name: term_glyph
      sha256: a29248a84fbb7c79282b40b8c72a1209db169a2e0542bce341da992fe1bc7e84
      url: "https://pub.dev"
    source: hosted
    version: "1.2.1"
  test_api:
    dependency: transitive
    description:
      name: test_api
      sha256: ad540f65f92caa91bf21dfc8ffb8c589d6e4dc0c2267818b4cc2792857706206
      url: "https://pub.dev"
    source: hosted
    version: "0.4.16"
  typed_data:
    dependency: transitive
    description:
      name: typed_data
      sha256: "53bdf7e979cfbf3e28987552fd72f637e63f3c8724c9e56d9246942dc2fa36ee"
      url: "https://pub.dev"
    source: hosted
    version: "1.3.0"
  universal_io:
    dependency: transitive
    description:
      name: universal_io
      sha256: "79f78ddad839ee3aae3ec7c01eb4575faf0d5c860f8e5223bc9f9c17f7f03cef"
      url: "https://pub.dev"
    source: hosted
    version: "2.0.4"
  vector_math:
    dependency: transitive
    description:
      name: vector_math
      sha256: "80b3257d1492ce4d091729e3a67a60407d227c27241d6927be0130c98e741803"
      url: "https://pub.dev"
    source: hosted
    version: "2.1.4"
  webview_flutter:
    dependency: "direct main"
    description:
      name: webview_flutter
      sha256: "9563cb6e54c06980586b80946e6d8b35287d18efc7b55c5bc2ca448688ec65b5"
      url: "https://pub.dev"
    source: hosted
    version: "3.0.0"
  webview_flutter_android:
    dependency: transitive
    description:
      name: webview_flutter_android
      sha256: "124e7c7753c8e2192a41a12747307123f46a8ae66b13836d766cdd4975f13b75"
      url: "https://pub.dev"
    source: hosted
    version: "2.8.0"
  webview_flutter_platform_interface:
    dependency: transitive
    description:
      name: webview_flutter_platform_interface
      sha256: "2da815ee8c8618441b2d8dccd276f24a9a3ccf089445ad9e434d72289576125e"
      url: "https://pub.dev"
    source: hosted
    version: "1.8.0"
  webview_flutter_wkwebview:
    dependency: transitive
    description:
      name: webview_flutter_wkwebview
      sha256: db2eac8d06d09d08157aefe811bc6af0210a79c767cb58d0d78e2594c8bfb815
      url: "https://pub.dev"
    source: hosted
    version: "2.7.0"
  win32:
    dependency: transitive
    description:
      name: win32
      sha256: e106274d51db0b69e8739155ace8089bfa97183e4cead8e6397b053c29cd86fe
      url: "https://pub.dev"
    source: hosted
    version: "2.2.9"
  xdg_directories:
    dependency: transitive
    description:
      name: xdg_directories
      sha256: "0186b3f2d66be9a12b0295bddcf8b6f8c0b0cc2f85c6287344e2a6366bc28457"
      url: "https://pub.dev"
    source: hosted
    version: "0.2.0"
  xml:
    dependency: transitive
    description:
      name: xml
      sha256: "30498604ab00fc50286f8aaf7e077c496550b16ed2f325c14152244882314f03"
      url: "https://pub.dev"
    source: hosted
    version: "5.1.2"
  yaml:
    dependency: transitive
    description:
      name: yaml
      sha256: "3cee79b1715110341012d27756d9bae38e650588acd38d3f3c610822e1337ace"
      url: "https://pub.dev"
    source: hosted
    version: "3.1.0"
sdks:
  dart: ">=2.18.0 <3.0.0"
  flutter: ">=2.5.0"
